// !$*UTF8*$!
{
	archiveVersion = 1;
	classes = {
	};
	objectVersion = 50;
	objects = {

/* Begin PBXBuildFile section */
		D63ABD2124C6369E000031E4 /* Balanced brackets.cpp in Sources */ = {isa = PBXBuildFile; fileRef = D63ABD2024C6369E000031E4 /* Balanced brackets.cpp */; };
		D63ABD2324C63E89000031E4 /* Equal Stacks.cpp in Sources */ = {isa = PBXBuildFile; fileRef = D63ABD2224C63E89000031E4 /* Equal Stacks.cpp */; };
		D6444F9024BB8FA1007EFF99 /* Delete a dublicate value.cpp in Sources */ = {isa = PBXBuildFile; fileRef = D6444F8F24BB8FA1007EFF99 /* Delete a dublicate value.cpp */; };
		D6444F9224BB970A007EFF99 /* Cycle Detection.cpp in Sources */ = {isa = PBXBuildFile; fileRef = D6444F9124BB970A007EFF99 /* Cycle Detection.cpp */; };
		D64C80BB24928316006348F1 /* 2DArrayDS.cpp in Sources */ = {isa = PBXBuildFile; fileRef = D64C80BA24928316006348F1 /* 2DArrayDS.cpp */; };
		D64C80BD2492D075006348F1 /* Left Rotation .cpp in Sources */ = {isa = PBXBuildFile; fileRef = D64C80BC2492D075006348F1 /* Left Rotation .cpp */; };
		D64C80BF2492E71F006348F1 /* Sparse Arrays  Sparse Arrays  Sparse Arrays  Sparse Arrays  Sparse Arrays.cpp in Sources */ = {isa = PBXBuildFile; fileRef = D64C80BE2492E71F006348F1 /* Sparse Arrays  Sparse Arrays  Sparse Arrays  Sparse Arrays  Sparse Arrays.cpp */; };
		D64C80C22492F2B1006348F1 /* Array Manipulation.cpp in Sources */ = {isa = PBXBuildFile; fileRef = D64C80C12492F2B1006348F1 /* Array Manipulation.cpp */; };
		D64C80C4249321F3006348F1 /* Dynamic array.cpp in Sources */ = {isa = PBXBuildFile; fileRef = D64C80C3249321F3006348F1 /* Dynamic array.cpp */; };
		D67760ED24D0C66A00F93901 /* Game of two stacks.cpp in Sources */ = {isa = PBXBuildFile; fileRef = D67760EC24D0C66A00F93901 /* Game of two stacks.cpp */; };
		D68AF8CC24B230BF00F1BFF0 /* Compare two linked list.cpp in Sources */ = {isa = PBXBuildFile; fileRef = D68AF8CB24B230BF00F1BFF0 /* Compare two linked list.cpp */; };
		D68AF8CE24B2368100F1BFF0 /* Merage two sorted lists.cpp in Sources */ = {isa = PBXBuildFile; fileRef = D68AF8CD24B2368100F1BFF0 /* Merage two sorted lists.cpp */; };
		D68AF8D024B25D9000F1BFF0 /* Get Node value.cpp in Sources */ = {isa = PBXBuildFile; fileRef = D68AF8CF24B25D9000F1BFF0 /* Get Node value.cpp */; };
		D68BDEED24BBB1FA004FD4C1 /* Find merge point of two Lists.cpp in Sources */ = {isa = PBXBuildFile; fileRef = D68BDEEC24BBB1FA004FD4C1 /* Find merge point of two Lists.cpp */; };
		D68BDEEF24BBC437004FD4C1 /* Insert a node into sorted double LL.cpp in Sources */ = {isa = PBXBuildFile; fileRef = D68BDEEE24BBC437004FD4C1 /* Insert a node into sorted double LL.cpp */; };
		D68BDEF124BBCBC8004FD4C1 /* Reverse Double linkedlist.cpp in Sources */ = {isa = PBXBuildFile; fileRef = D68BDEF024BBCBC8004FD4C1 /* Reverse Double linkedlist.cpp */; };
		D6910F4A2492822B00F7345D /* ArraysDS.cpp in Sources */ = {isa = PBXBuildFile; fileRef = D6910F492492822B00F7345D /* ArraysDS.cpp */; };
		D6E281E924C11B4F0054B7B5 /* Maximum Element.cpp in Sources */ = {isa = PBXBuildFile; fileRef = D6E281E824C11B4F0054B7B5 /* Maximum Element.cpp */; };
		D6F3E59E249E363800769E1D /* Print the Elements of a Linked List  print the elments of a linkedlist.cpp in Sources */ = {isa = PBXBuildFile; fileRef = D6F3E59D249E363800769E1D /* Print the Elements of a Linked List  print the elments of a linkedlist.cpp */; };
		D6F3E5A0249E3AC400769E1D /* insert a node at tail.cpp in Sources */ = {isa = PBXBuildFile; fileRef = D6F3E59F249E3AC400769E1D /* insert a node at tail.cpp */; };
		D6FA3CBD24B137350090E5F4 /* Insert a node at the head.cpp in Sources */ = {isa = PBXBuildFile; fileRef = D6FA3CBC24B137350090E5F4 /* Insert a node at the head.cpp */; };
		D6FA3CBF24B139340090E5F4 /* Insert a node at a spesific position.cpp in Sources */ = {isa = PBXBuildFile; fileRef = D6FA3CBE24B139340090E5F4 /* Insert a node at a spesific position.cpp */; };
		D6FA3CC124B13E4A0090E5F4 /* Delete a Node.cpp in Sources */ = {isa = PBXBuildFile; fileRef = D6FA3CC024B13E4A0090E5F4 /* Delete a Node.cpp */; };
		D6FA3CC324B14C010090E5F4 /* Print in a reverse order.cpp in Sources */ = {isa = PBXBuildFile; fileRef = D6FA3CC224B14C010090E5F4 /* Print in a reverse order.cpp */; };
		D6FA3CC524B14FB80090E5F4 /* Reverse a linkedList.cpp in Sources */ = {isa = PBXBuildFile; fileRef = D6FA3CC424B14FB80090E5F4 /* Reverse a linkedList.cpp */; };
/* End PBXBuildFile section */

/* Begin PBXCopyFilesBuildPhase section */
		D6910F442492822B00F7345D /* CopyFiles */ = {
			isa = PBXCopyFilesBuildPhase;
			buildActionMask = 2147483647;
			dstPath = /usr/share/man/man1/;
			dstSubfolderSpec = 0;
			files = (
			);
			runOnlyForDeploymentPostprocessing = 1;
		};
/* End PBXCopyFilesBuildPhase section */

/* Begin PBXFileReference section */
		D63ABD2024C6369E000031E4 /* Balanced brackets.cpp */ = {isa = PBXFileReference; lastKnownFileType = sourcecode.cpp.cpp; path = "Balanced brackets.cpp"; sourceTree = "<group>"; };
		D63ABD2224C63E89000031E4 /* Equal Stacks.cpp */ = {isa = PBXFileReference; lastKnownFileType = sourcecode.cpp.cpp; path = "Equal Stacks.cpp"; sourceTree = "<group>"; };
		D6444F8F24BB8FA1007EFF99 /* Delete a dublicate value.cpp */ = {isa = PBXFileReference; lastKnownFileType = sourcecode.cpp.cpp; path = "Delete a dublicate value.cpp"; sourceTree = "<group>"; };
		D6444F9124BB970A007EFF99 /* Cycle Detection.cpp */ = {isa = PBXFileReference; lastKnownFileType = sourcecode.cpp.cpp; path = "Cycle Detection.cpp"; sourceTree = "<group>"; };
		D64C80BA24928316006348F1 /* 2DArrayDS.cpp */ = {isa = PBXFileReference; lastKnownFileType = sourcecode.cpp.cpp; path = 2DArrayDS.cpp; sourceTree = "<group>"; };
		D64C80BC2492D075006348F1 /* Left Rotation .cpp */ = {isa = PBXFileReference; lastKnownFileType = sourcecode.cpp.cpp; path = "Left Rotation .cpp"; sourceTree = "<group>"; };
		D64C80BE2492E71F006348F1 /* Sparse Arrays  Sparse Arrays  Sparse Arrays  Sparse Arrays  Sparse Arrays.cpp */ = {isa = PBXFileReference; lastKnownFileType = sourcecode.cpp.cpp; path = "Sparse Arrays  Sparse Arrays  Sparse Arrays  Sparse Arrays  Sparse Arrays.cpp"; sourceTree = "<group>"; };
		D64C80C12492F2B1006348F1 /* Array Manipulation.cpp */ = {isa = PBXFileReference; lastKnownFileType = sourcecode.cpp.cpp; path = "Array Manipulation.cpp"; sourceTree = "<group>"; };
		D64C80C3249321F3006348F1 /* Dynamic array.cpp */ = {isa = PBXFileReference; lastKnownFileType = sourcecode.cpp.cpp; path = "Dynamic array.cpp"; sourceTree = "<group>"; };
		D67760EC24D0C66A00F93901 /* Game of two stacks.cpp */ = {isa = PBXFileReference; lastKnownFileType = sourcecode.cpp.cpp; path = "Game of two stacks.cpp"; sourceTree = "<group>"; };
		D68AF8CB24B230BF00F1BFF0 /* Compare two linked list.cpp */ = {isa = PBXFileReference; lastKnownFileType = sourcecode.cpp.cpp; path = "Compare two linked list.cpp"; sourceTree = "<group>"; };
		D68AF8CD24B2368100F1BFF0 /* Merage two sorted lists.cpp */ = {isa = PBXFileReference; lastKnownFileType = sourcecode.cpp.cpp; path = "Merage two sorted lists.cpp"; sourceTree = "<group>"; };
		D68AF8CF24B25D9000F1BFF0 /* Get Node value.cpp */ = {isa = PBXFileReference; lastKnownFileType = sourcecode.cpp.cpp; path = "Get Node value.cpp"; sourceTree = "<group>"; };
		D68BDEEC24BBB1FA004FD4C1 /* Find merge point of two Lists.cpp */ = {isa = PBXFileReference; lastKnownFileType = sourcecode.cpp.cpp; path = "Find merge point of two Lists.cpp"; sourceTree = "<group>"; };
		D68BDEEE24BBC437004FD4C1 /* Insert a node into sorted double LL.cpp */ = {isa = PBXFileReference; lastKnownFileType = sourcecode.cpp.cpp; path = "Insert a node into sorted double LL.cpp"; sourceTree = "<group>"; };
		D68BDEF024BBCBC8004FD4C1 /* Reverse Double linkedlist.cpp */ = {isa = PBXFileReference; lastKnownFileType = sourcecode.cpp.cpp; path = "Reverse Double linkedlist.cpp"; sourceTree = "<group>"; };
		D6910F462492822B00F7345D /* HackerRankProblems */ = {isa = PBXFileReference; explicitFileType = "compiled.mach-o.executable"; includeInIndex = 0; path = HackerRankProblems; sourceTree = BUILT_PRODUCTS_DIR; };
		D6910F492492822B00F7345D /* ArraysDS.cpp */ = {isa = PBXFileReference; lastKnownFileType = sourcecode.cpp.cpp; path = ArraysDS.cpp; sourceTree = "<group>"; };
		D6E281E824C11B4F0054B7B5 /* Maximum Element.cpp */ = {isa = PBXFileReference; lastKnownFileType = sourcecode.cpp.cpp; path = "Maximum Element.cpp"; sourceTree = "<group>"; };
		D6F3E59D249E363800769E1D /* Print the Elements of a Linked List  print the elments of a linkedlist.cpp */ = {isa = PBXFileReference; lastKnownFileType = sourcecode.cpp.cpp; path = "Print the Elements of a Linked List  print the elments of a linkedlist.cpp"; sourceTree = "<group>"; };
		D6F3E59F249E3AC400769E1D /* insert a node at tail.cpp */ = {isa = PBXFileReference; lastKnownFileType = sourcecode.cpp.cpp; path = "insert a node at tail.cpp"; sourceTree = "<group>"; };
		D6FA3CBC24B137350090E5F4 /* Insert a node at the head.cpp */ = {isa = PBXFileReference; lastKnownFileType = sourcecode.cpp.cpp; path = "Insert a node at the head.cpp"; sourceTree = "<group>"; };
		D6FA3CBE24B139340090E5F4 /* Insert a node at a spesific position.cpp */ = {isa = PBXFileReference; lastKnownFileType = sourcecode.cpp.cpp; path = "Insert a node at a spesific position.cpp"; sourceTree = "<group>"; };
		D6FA3CC024B13E4A0090E5F4 /* Delete a Node.cpp */ = {isa = PBXFileReference; lastKnownFileType = sourcecode.cpp.cpp; path = "Delete a Node.cpp"; sourceTree = "<group>"; };
		D6FA3CC224B14C010090E5F4 /* Print in a reverse order.cpp */ = {isa = PBXFileReference; lastKnownFileType = sourcecode.cpp.cpp; path = "Print in a reverse order.cpp"; sourceTree = "<group>"; };
		D6FA3CC424B14FB80090E5F4 /* Reverse a linkedList.cpp */ = {isa = PBXFileReference; lastKnownFileType = sourcecode.cpp.cpp; path = "Reverse a linkedList.cpp"; sourceTree = "<group>"; };
/* End PBXFileReference section */

/* Begin PBXFrameworksBuildPhase section */
		D6910F432492822B00F7345D /* Frameworks */ = {
			isa = PBXFrameworksBuildPhase;
			buildActionMask = 2147483647;
			files = (
			);
			runOnlyForDeploymentPostprocessing = 0;
		};
/* End PBXFrameworksBuildPhase section */

/* Begin PBXGroup section */
		D64C80C02492E72A006348F1 /* Arrays */ = {
			isa = PBXGroup;
			children = (
				D6910F492492822B00F7345D /* ArraysDS.cpp */,
				D64C80BA24928316006348F1 /* 2DArrayDS.cpp */,
				D64C80BC2492D075006348F1 /* Left Rotation .cpp */,
				D64C80BE2492E71F006348F1 /* Sparse Arrays  Sparse Arrays  Sparse Arrays  Sparse Arrays  Sparse Arrays.cpp */,
				D64C80C12492F2B1006348F1 /* Array Manipulation.cpp */,
				D64C80C3249321F3006348F1 /* Dynamic array.cpp */,
			);
			path = Arrays;
			sourceTree = "<group>";
		};
		D6910F3D2492822B00F7345D = {
			isa = PBXGroup;
			children = (
				D6910F482492822B00F7345D /* HackerRankProblems */,
				D6910F472492822B00F7345D /* Products */,
			);
			sourceTree = "<group>";
		};
		D6910F472492822B00F7345D /* Products */ = {
			isa = PBXGroup;
			children = (
				D6910F462492822B00F7345D /* HackerRankProblems */,
			);
			name = Products;
			sourceTree = "<group>";
		};
		D6910F482492822B00F7345D /* HackerRankProblems */ = {
			isa = PBXGroup;
			children = (
				D6E281E724C11B260054B7B5 /* Stacks */,
				D6F3E59C249E361800769E1D /* LinkedList */,
				D64C80C02492E72A006348F1 /* Arrays */,
			);
			path = HackerRankProblems;
			sourceTree = "<group>";
		};
		D6E281E724C11B260054B7B5 /* Stacks */ = {
			isa = PBXGroup;
			children = (
				D6E281E824C11B4F0054B7B5 /* Maximum Element.cpp */,
				D63ABD2024C6369E000031E4 /* Balanced brackets.cpp */,
				D63ABD2224C63E89000031E4 /* Equal Stacks.cpp */,
				D67760EC24D0C66A00F93901 /* Game of two stacks.cpp */,
			);
			path = Stacks;
			sourceTree = "<group>";
		};
		D6F3E59C249E361800769E1D /* LinkedList */ = {
			isa = PBXGroup;
			children = (
				D6F3E59D249E363800769E1D /* Print the Elements of a Linked List  print the elments of a linkedlist.cpp */,
				D6F3E59F249E3AC400769E1D /* insert a node at tail.cpp */,
				D6FA3CBC24B137350090E5F4 /* Insert a node at the head.cpp */,
				D6FA3CBE24B139340090E5F4 /* Insert a node at a spesific position.cpp */,
				D6FA3CC024B13E4A0090E5F4 /* Delete a Node.cpp */,
				D6FA3CC224B14C010090E5F4 /* Print in a reverse order.cpp */,
				D6FA3CC424B14FB80090E5F4 /* Reverse a linkedList.cpp */,
				D68AF8CB24B230BF00F1BFF0 /* Compare two linked list.cpp */,
				D68AF8CD24B2368100F1BFF0 /* Merage two sorted lists.cpp */,
				D68AF8CF24B25D9000F1BFF0 /* Get Node value.cpp */,
				D6444F8F24BB8FA1007EFF99 /* Delete a dublicate value.cpp */,
				D6444F9124BB970A007EFF99 /* Cycle Detection.cpp */,
				D68BDEEC24BBB1FA004FD4C1 /* Find merge point of two Lists.cpp */,
				D68BDEEE24BBC437004FD4C1 /* Insert a node into sorted double LL.cpp */,
				D68BDEF024BBCBC8004FD4C1 /* Reverse Double linkedlist.cpp */,
			);
			path = LinkedList;
			sourceTree = "<group>";
		};
/* End PBXGroup section */

/* Begin PBXNativeTarget section */
		D6910F452492822B00F7345D /* HackerRankProblems */ = {
			isa = PBXNativeTarget;
			buildConfigurationList = D6910F4D2492822B00F7345D /* Build configuration list for PBXNativeTarget "HackerRankProblems" */;
			buildPhases = (
				D6910F422492822B00F7345D /* Sources */,
				D6910F432492822B00F7345D /* Frameworks */,
				D6910F442492822B00F7345D /* CopyFiles */,
			);
			buildRules = (
			);
			dependencies = (
			);
			name = HackerRankProblems;
			productName = HackerRankProblems;
			productReference = D6910F462492822B00F7345D /* HackerRankProblems */;
			productType = "com.apple.product-type.tool";
		};
/* End PBXNativeTarget section */

/* Begin PBXProject section */
		D6910F3E2492822B00F7345D /* Project object */ = {
			isa = PBXProject;
			attributes = {
				LastUpgradeCheck = 1150;
				ORGANIZATIONNAME = "Mahmoud Elkarargy";
				TargetAttributes = {
					D6910F452492822B00F7345D = {
						CreatedOnToolsVersion = 11.5;
					};
				};
			};
			buildConfigurationList = D6910F412492822B00F7345D /* Build configuration list for PBXProject "HackerRankProblems" */;
			compatibilityVersion = "Xcode 9.3";
			developmentRegion = en;
			hasScannedForEncodings = 0;
			knownRegions = (
				en,
				Base,
			);
			mainGroup = D6910F3D2492822B00F7345D;
			productRefGroup = D6910F472492822B00F7345D /* Products */;
			projectDirPath = "";
			projectRoot = "";
			targets = (
				D6910F452492822B00F7345D /* HackerRankProblems */,
			);
		};
/* End PBXProject section */

/* Begin PBXSourcesBuildPhase section */
		D6910F422492822B00F7345D /* Sources */ = {
			isa = PBXSourcesBuildPhase;
			buildActionMask = 2147483647;
			files = (
				D6444F9024BB8FA1007EFF99 /* Delete a dublicate value.cpp in Sources */,
				D6444F9224BB970A007EFF99 /* Cycle Detection.cpp in Sources */,
				D63ABD2324C63E89000031E4 /* Equal Stacks.cpp in Sources */,
				D68BDEEF24BBC437004FD4C1 /* Insert a node into sorted double LL.cpp in Sources */,
				D64C80C4249321F3006348F1 /* Dynamic array.cpp in Sources */,
				D64C80BB24928316006348F1 /* 2DArrayDS.cpp in Sources */,
				D6FA3CC524B14FB80090E5F4 /* Reverse a linkedList.cpp in Sources */,
				D64C80C22492F2B1006348F1 /* Array Manipulation.cpp in Sources */,
				D64C80BD2492D075006348F1 /* Left Rotation .cpp in Sources */,
				D68BDEF124BBCBC8004FD4C1 /* Reverse Double linkedlist.cpp in Sources */,
				D6FA3CBF24B139340090E5F4 /* Insert a node at a spesific position.cpp in Sources */,
				D63ABD2124C6369E000031E4 /* Balanced brackets.cpp in Sources */,
				D68AF8D024B25D9000F1BFF0 /* Get Node value.cpp in Sources */,
				D68AF8CE24B2368100F1BFF0 /* Merage two sorted lists.cpp in Sources */,
				D6FA3CBD24B137350090E5F4 /* Insert a node at the head.cpp in Sources */,
				D6FA3CC324B14C010090E5F4 /* Print in a reverse order.cpp in Sources */,
				D68AF8CC24B230BF00F1BFF0 /* Compare two linked list.cpp in Sources */,
				D64C80BF2492E71F006348F1 /* Sparse Arrays  Sparse Arrays  Sparse Arrays  Sparse Arrays  Sparse Arrays.cpp in Sources */,
				D6F3E5A0249E3AC400769E1D /* insert a node at tail.cpp in Sources */,
				D6910F4A2492822B00F7345D /* ArraysDS.cpp in Sources */,
				D6E281E924C11B4F0054B7B5 /* Maximum Element.cpp in Sources */,
				D6F3E59E249E363800769E1D /* Print the Elements of a Linked List  print the elments of a linkedlist.cpp in Sources */,
				D6FA3CC124B13E4A0090E5F4 /* Delete a Node.cpp in Sources */,
				D68BDEED24BBB1FA004FD4C1 /* Find merge point of two Lists.cpp in Sources */,
				D67760ED24D0C66A00F93901 /* Game of two stacks.cpp in Sources */,
			);
			runOnlyForDeploymentPostprocessing = 0;
		};
/* End PBXSourcesBuildPhase section */

/* Begin XCBuildConfiguration section */
		D6910F4B2492822B00F7345D /* Debug */ = {
			isa = XCBuildConfiguration;
			buildSettings = {
				ALWAYS_SEARCH_USER_PATHS = NO;
				CLANG_ANALYZER_NONNULL = YES;
				CLANG_ANALYZER_NUMBER_OBJECT_CONVERSION = YES_AGGRESSIVE;
				CLANG_CXX_LANGUAGE_STANDARD = "gnu++14";
				CLANG_CXX_LIBRARY = "libc++";
				CLANG_ENABLE_MODULES = YES;
				CLANG_ENABLE_OBJC_ARC = YES;
				CLANG_ENABLE_OBJC_WEAK = YES;
				CLANG_WARN_BLOCK_CAPTURE_AUTORELEASING = YES;
				CLANG_WARN_BOOL_CONVERSION = YES;
				CLANG_WARN_COMMA = YES;
				CLANG_WARN_CONSTANT_CONVERSION = YES;
				CLANG_WARN_DEPRECATED_OBJC_IMPLEMENTATIONS = YES;
				CLANG_WARN_DIRECT_OBJC_ISA_USAGE = YES_ERROR;
				CLANG_WARN_DOCUMENTATION_COMMENTS = YES;
				CLANG_WARN_EMPTY_BODY = YES;
				CLANG_WARN_ENUM_CONVERSION = YES;
				CLANG_WARN_INFINITE_RECURSION = YES;
				CLANG_WARN_INT_CONVERSION = YES;
				CLANG_WARN_NON_LITERAL_NULL_CONVERSION = YES;
				CLANG_WARN_OBJC_IMPLICIT_RETAIN_SELF = YES;
				CLANG_WARN_OBJC_LITERAL_CONVERSION = YES;
				CLANG_WARN_OBJC_ROOT_CLASS = YES_ERROR;
				CLANG_WARN_RANGE_LOOP_ANALYSIS = YES;
				CLANG_WARN_STRICT_PROTOTYPES = YES;
				CLANG_WARN_SUSPICIOUS_MOVE = YES;
				CLANG_WARN_UNGUARDED_AVAILABILITY = YES_AGGRESSIVE;
				CLANG_WARN_UNREACHABLE_CODE = YES;
				CLANG_WARN__DUPLICATE_METHOD_MATCH = YES;
				COPY_PHASE_STRIP = NO;
				DEBUG_INFORMATION_FORMAT = dwarf;
				ENABLE_STRICT_OBJC_MSGSEND = YES;
				ENABLE_TESTABILITY = YES;
				GCC_C_LANGUAGE_STANDARD = gnu11;
				GCC_DYNAMIC_NO_PIC = NO;
				GCC_NO_COMMON_BLOCKS = YES;
				GCC_OPTIMIZATION_LEVEL = 0;
				GCC_PREPROCESSOR_DEFINITIONS = (
					"DEBUG=1",
					"$(inherited)",
				);
				GCC_WARN_64_TO_32_BIT_CONVERSION = YES;
				GCC_WARN_ABOUT_RETURN_TYPE = YES_ERROR;
				GCC_WARN_UNDECLARED_SELECTOR = YES;
				GCC_WARN_UNINITIALIZED_AUTOS = YES_AGGRESSIVE;
				GCC_WARN_UNUSED_FUNCTION = YES;
				GCC_WARN_UNUSED_VARIABLE = YES;
				MACOSX_DEPLOYMENT_TARGET = 10.15;
				MTL_ENABLE_DEBUG_INFO = INCLUDE_SOURCE;
				MTL_FAST_MATH = YES;
				ONLY_ACTIVE_ARCH = YES;
				SDKROOT = macosx;
			};
			name = Debug;
		};
		D6910F4C2492822B00F7345D /* Release */ = {
			isa = XCBuildConfiguration;
			buildSettings = {
				ALWAYS_SEARCH_USER_PATHS = NO;
				CLANG_ANALYZER_NONNULL = YES;
				CLANG_ANALYZER_NUMBER_OBJECT_CONVERSION = YES_AGGRESSIVE;
				CLANG_CXX_LANGUAGE_STANDARD = "gnu++14";
				CLANG_CXX_LIBRARY = "libc++";
				CLANG_ENABLE_MODULES = YES;
				CLANG_ENABLE_OBJC_ARC = YES;
				CLANG_ENABLE_OBJC_WEAK = YES;
				CLANG_WARN_BLOCK_CAPTURE_AUTORELEASING = YES;
				CLANG_WARN_BOOL_CONVERSION = YES;
				CLANG_WARN_COMMA = YES;
				CLANG_WARN_CONSTANT_CONVERSION = YES;
				CLANG_WARN_DEPRECATED_OBJC_IMPLEMENTATIONS = YES;
				CLANG_WARN_DIRECT_OBJC_ISA_USAGE = YES_ERROR;
				CLANG_WARN_DOCUMENTATION_COMMENTS = YES;
				CLANG_WARN_EMPTY_BODY = YES;
				CLANG_WARN_ENUM_CONVERSION = YES;
				CLANG_WARN_INFINITE_RECURSION = YES;
				CLANG_WARN_INT_CONVERSION = YES;
				CLANG_WARN_NON_LITERAL_NULL_CONVERSION = YES;
				CLANG_WARN_OBJC_IMPLICIT_RETAIN_SELF = YES;
				CLANG_WARN_OBJC_LITERAL_CONVERSION = YES;
				CLANG_WARN_OBJC_ROOT_CLASS = YES_ERROR;
				CLANG_WARN_RANGE_LOOP_ANALYSIS = YES;
				CLANG_WARN_STRICT_PROTOTYPES = YES;
				CLANG_WARN_SUSPICIOUS_MOVE = YES;
				CLANG_WARN_UNGUARDED_AVAILABILITY = YES_AGGRESSIVE;
				CLANG_WARN_UNREACHABLE_CODE = YES;
				CLANG_WARN__DUPLICATE_METHOD_MATCH = YES;
				COPY_PHASE_STRIP = NO;
				DEBUG_INFORMATION_FORMAT = "dwarf-with-dsym";
				ENABLE_NS_ASSERTIONS = NO;
				ENABLE_STRICT_OBJC_MSGSEND = YES;
				GCC_C_LANGUAGE_STANDARD = gnu11;
				GCC_NO_COMMON_BLOCKS = YES;
				GCC_WARN_64_TO_32_BIT_CONVERSION = YES;
				GCC_WARN_ABOUT_RETURN_TYPE = YES_ERROR;
				GCC_WARN_UNDECLARED_SELECTOR = YES;
				GCC_WARN_UNINITIALIZED_AUTOS = YES_AGGRESSIVE;
				GCC_WARN_UNUSED_FUNCTION = YES;
				GCC_WARN_UNUSED_VARIABLE = YES;
				MACOSX_DEPLOYMENT_TARGET = 10.15;
				MTL_ENABLE_DEBUG_INFO = NO;
				MTL_FAST_MATH = YES;
				SDKROOT = macosx;
			};
			name = Release;
		};
		D6910F4E2492822B00F7345D /* Debug */ = {
			isa = XCBuildConfiguration;
			buildSettings = {
				CODE_SIGN_STYLE = Automatic;
				PRODUCT_NAME = "$(TARGET_NAME)";
			};
			name = Debug;
		};
		D6910F4F2492822B00F7345D /* Release */ = {
			isa = XCBuildConfiguration;
			buildSettings = {
				CODE_SIGN_STYLE = Automatic;
				PRODUCT_NAME = "$(TARGET_NAME)";
			};
			name = Release;
		};
/* End XCBuildConfiguration section */

/* Begin XCConfigurationList section */
		D6910F412492822B00F7345D /* Build configuration list for PBXProject "HackerRankProblems" */ = {
			isa = XCConfigurationList;
			buildConfigurations = (
				D6910F4B2492822B00F7345D /* Debug */,
				D6910F4C2492822B00F7345D /* Release */,
			);
			defaultConfigurationIsVisible = 0;
			defaultConfigurationName = Release;
		};
		D6910F4D2492822B00F7345D /* Build configuration list for PBXNativeTarget "HackerRankProblems" */ = {
			isa = XCConfigurationList;
			buildConfigurations = (
				D6910F4E2492822B00F7345D /* Debug */,
				D6910F4F2492822B00F7345D /* Release */,
			);
			defaultConfigurationIsVisible = 0;
			defaultConfigurationName = Release;
		};
/* End XCConfigurationList section */
	};
	rootObject = D6910F3E2492822B00F7345D /* Project object */;
}
